// !$*UTF8*$!
{
	archiveVersion = 1;
	classes = {
	};
	objectVersion = 46;
	objects = {

/* Begin PBXBuildFile section */
		760C0AFF1D708C4A001294F6 /* AppDelegate.swift in Sources */ = {isa = PBXBuildFile; fileRef = 760C0AFE1D708C4A001294F6 /* AppDelegate.swift */; };
		760C0B011D708C4A001294F6 /* ViewController.swift in Sources */ = {isa = PBXBuildFile; fileRef = 760C0B001D708C4A001294F6 /* ViewController.swift */; };
		760C0B041D708C4A001294F6 /* Main.storyboard in Resources */ = {isa = PBXBuildFile; fileRef = 760C0B021D708C4A001294F6 /* Main.storyboard */; };
		760C0B071D708C4A001294F6 /* AdvanceMad_Inclass01.xcdatamodeld in Sources */ = {isa = PBXBuildFile; fileRef = 760C0B051D708C4A001294F6 /* AdvanceMad_Inclass01.xcdatamodeld */; };
		760C0B091D708C4A001294F6 /* Assets.xcassets in Resources */ = {isa = PBXBuildFile; fileRef = 760C0B081D708C4A001294F6 /* Assets.xcassets */; };
		760C0B0C1D708C4A001294F6 /* LaunchScreen.storyboard in Resources */ = {isa = PBXBuildFile; fileRef = 760C0B0A1D708C4A001294F6 /* LaunchScreen.storyboard */; };
		760C0B171D708C4A001294F6 /* AdvanceMad_Inclass01Tests.swift in Sources */ = {isa = PBXBuildFile; fileRef = 760C0B161D708C4A001294F6 /* AdvanceMad_Inclass01Tests.swift */; };
		760C0B221D708C4A001294F6 /* AdvanceMad_Inclass01UITests.swift in Sources */ = {isa = PBXBuildFile; fileRef = 760C0B211D708C4A001294F6 /* AdvanceMad_Inclass01UITests.swift */; };
		768D5A341D77D6D200710849 /* AuthenticateViewController.swift in Sources */ = {isa = PBXBuildFile; fileRef = 768D5A331D77D6D200710849 /* AuthenticateViewController.swift */; };
		76BB2D7A1D77137000A88D71 /* LoginViewController.swift in Sources */ = {isa = PBXBuildFile; fileRef = 76BB2D791D77137000A88D71 /* LoginViewController.swift */; };
		76BB2D7C1D77212400A88D71 /* FinalViewController.swift in Sources */ = {isa = PBXBuildFile; fileRef = 76BB2D7B1D77212400A88D71 /* FinalViewController.swift */; };
		BA3677EB73E9C79D8C7D1218 /* Pods_AdvanceMad_Inclass01Tests.framework in Frameworks */ = {isa = PBXBuildFile; fileRef = 156E57D719353A70C8D29DC1 /* Pods_AdvanceMad_Inclass01Tests.framework */; };
		D416287768EE3FC5D4AA5A72 /* Pods_AdvanceMad_Inclass01UITests.framework in Frameworks */ = {isa = PBXBuildFile; fileRef = A1CC61AA815D5C80848DEB40 /* Pods_AdvanceMad_Inclass01UITests.framework */; };
		E7701D7A881AE6659CED4E5F /* Pods_AdvanceMad_Inclass01.framework in Frameworks */ = {isa = PBXBuildFile; fileRef = 53943D8729AE3C9D768ECF7C /* Pods_AdvanceMad_Inclass01.framework */; };
/* End PBXBuildFile section */

/* Begin PBXContainerItemProxy section */
		760C0B131D708C4A001294F6 /* PBXContainerItemProxy */ = {
			isa = PBXContainerItemProxy;
			containerPortal = 760C0AF31D708C4A001294F6 /* Project object */;
			proxyType = 1;
			remoteGlobalIDString = 760C0AFA1D708C4A001294F6;
			remoteInfo = AdvanceMad_Inclass01;
		};
		760C0B1E1D708C4A001294F6 /* PBXContainerItemProxy */ = {
			isa = PBXContainerItemProxy;
			containerPortal = 760C0AF31D708C4A001294F6 /* Project object */;
			proxyType = 1;
			remoteGlobalIDString = 760C0AFA1D708C4A001294F6;
			remoteInfo = AdvanceMad_Inclass01;
		};
/* End PBXContainerItemProxy section */

/* Begin PBXFileReference section */
		156E57D719353A70C8D29DC1 /* Pods_AdvanceMad_Inclass01Tests.framework */ = {isa = PBXFileReference; explicitFileType = wrapper.framework; includeInIndex = 0; path = Pods_AdvanceMad_Inclass01Tests.framework; sourceTree = BUILT_PRODUCTS_DIR; };
		1990FFCC628D787A25763B8B /* Pods-AdvanceMad_Inclass01.release.xcconfig */ = {isa = PBXFileReference; includeInIndex = 1; lastKnownFileType = text.xcconfig; name = "Pods-AdvanceMad_Inclass01.release.xcconfig"; path = "Pods/Target Support Files/Pods-AdvanceMad_Inclass01/Pods-AdvanceMad_Inclass01.release.xcconfig"; sourceTree = "<group>"; };
		2A5A7DB3E0D789FA0E054348 /* Pods-AdvanceMad_Inclass01Tests.debug.xcconfig */ = {isa = PBXFileReference; includeInIndex = 1; lastKnownFileType = text.xcconfig; name = "Pods-AdvanceMad_Inclass01Tests.debug.xcconfig"; path = "Pods/Target Support Files/Pods-AdvanceMad_Inclass01Tests/Pods-AdvanceMad_Inclass01Tests.debug.xcconfig"; sourceTree = "<group>"; };
		53943D8729AE3C9D768ECF7C /* Pods_AdvanceMad_Inclass01.framework */ = {isa = PBXFileReference; explicitFileType = wrapper.framework; includeInIndex = 0; path = Pods_AdvanceMad_Inclass01.framework; sourceTree = BUILT_PRODUCTS_DIR; };
		6A9412BF187839A1833994ED /* Pods-AdvanceMad_Inclass01Tests.release.xcconfig */ = {isa = PBXFileReference; includeInIndex = 1; lastKnownFileType = text.xcconfig; name = "Pods-AdvanceMad_Inclass01Tests.release.xcconfig"; path = "Pods/Target Support Files/Pods-AdvanceMad_Inclass01Tests/Pods-AdvanceMad_Inclass01Tests.release.xcconfig"; sourceTree = "<group>"; };
		6D627D197E6656E33BA94CFC /* Pods-AdvanceMad_Inclass01UITests.debug.xcconfig */ = {isa = PBXFileReference; includeInIndex = 1; lastKnownFileType = text.xcconfig; name = "Pods-AdvanceMad_Inclass01UITests.debug.xcconfig"; path = "Pods/Target Support Files/Pods-AdvanceMad_Inclass01UITests/Pods-AdvanceMad_Inclass01UITests.debug.xcconfig"; sourceTree = "<group>"; };
		6FFE95E59912DA10044890E5 /* Pods-AdvanceMad_Inclass01.debug.xcconfig */ = {isa = PBXFileReference; includeInIndex = 1; lastKnownFileType = text.xcconfig; name = "Pods-AdvanceMad_Inclass01.debug.xcconfig"; path = "Pods/Target Support Files/Pods-AdvanceMad_Inclass01/Pods-AdvanceMad_Inclass01.debug.xcconfig"; sourceTree = "<group>"; };
		760C0AFB1D708C4A001294F6 /* AdvanceMad_Inclass01.app */ = {isa = PBXFileReference; explicitFileType = wrapper.application; includeInIndex = 0; path = AdvanceMad_Inclass01.app; sourceTree = BUILT_PRODUCTS_DIR; };
		760C0AFE1D708C4A001294F6 /* AppDelegate.swift */ = {isa = PBXFileReference; lastKnownFileType = sourcecode.swift; path = AppDelegate.swift; sourceTree = "<group>"; };
		760C0B001D708C4A001294F6 /* ViewController.swift */ = {isa = PBXFileReference; lastKnownFileType = sourcecode.swift; path = ViewController.swift; sourceTree = "<group>"; };
		760C0B031D708C4A001294F6 /* Base */ = {isa = PBXFileReference; lastKnownFileType = file.storyboard; name = Base; path = Base.lproj/Main.storyboard; sourceTree = "<group>"; };
		760C0B061D708C4A001294F6 /* AdvanceMad_Inclass01.xcdatamodel */ = {isa = PBXFileReference; lastKnownFileType = wrapper.xcdatamodel; path = AdvanceMad_Inclass01.xcdatamodel; sourceTree = "<group>"; };
		760C0B081D708C4A001294F6 /* Assets.xcassets */ = {isa = PBXFileReference; lastKnownFileType = folder.assetcatalog; path = Assets.xcassets; sourceTree = "<group>"; };
		760C0B0B1D708C4A001294F6 /* Base */ = {isa = PBXFileReference; lastKnownFileType = file.storyboard; name = Base; path = Base.lproj/LaunchScreen.storyboard; sourceTree = "<group>"; };
		760C0B0D1D708C4A001294F6 /* Info.plist */ = {isa = PBXFileReference; lastKnownFileType = text.plist.xml; path = Info.plist; sourceTree = "<group>"; };
		760C0B121D708C4A001294F6 /* AdvanceMad_Inclass01Tests.xctest */ = {isa = PBXFileReference; explicitFileType = wrapper.cfbundle; includeInIndex = 0; path = AdvanceMad_Inclass01Tests.xctest; sourceTree = BUILT_PRODUCTS_DIR; };
		760C0B161D708C4A001294F6 /* AdvanceMad_Inclass01Tests.swift */ = {isa = PBXFileReference; lastKnownFileType = sourcecode.swift; path = AdvanceMad_Inclass01Tests.swift; sourceTree = "<group>"; };
		760C0B181D708C4A001294F6 /* Info.plist */ = {isa = PBXFileReference; lastKnownFileType = text.plist.xml; path = Info.plist; sourceTree = "<group>"; };
		760C0B1D1D708C4A001294F6 /* AdvanceMad_Inclass01UITests.xctest */ = {isa = PBXFileReference; explicitFileType = wrapper.cfbundle; includeInIndex = 0; path = AdvanceMad_Inclass01UITests.xctest; sourceTree = BUILT_PRODUCTS_DIR; };
		760C0B211D708C4A001294F6 /* AdvanceMad_Inclass01UITests.swift */ = {isa = PBXFileReference; lastKnownFileType = sourcecode.swift; path = AdvanceMad_Inclass01UITests.swift; sourceTree = "<group>"; };
		760C0B231D708C4A001294F6 /* Info.plist */ = {isa = PBXFileReference; lastKnownFileType = text.plist.xml; path = Info.plist; sourceTree = "<group>"; };
		768D5A331D77D6D200710849 /* AuthenticateViewController.swift */ = {isa = PBXFileReference; fileEncoding = 4; lastKnownFileType = sourcecode.swift; path = AuthenticateViewController.swift; sourceTree = "<group>"; };
		76BB2D791D77137000A88D71 /* LoginViewController.swift */ = {isa = PBXFileReference; fileEncoding = 4; lastKnownFileType = sourcecode.swift; path = LoginViewController.swift; sourceTree = "<group>"; };
		76BB2D7B1D77212400A88D71 /* FinalViewController.swift */ = {isa = PBXFileReference; fileEncoding = 4; lastKnownFileType = sourcecode.swift; path = FinalViewController.swift; sourceTree = "<group>"; };
		A1CC61AA815D5C80848DEB40 /* Pods_AdvanceMad_Inclass01UITests.framework */ = {isa = PBXFileReference; explicitFileType = wrapper.framework; includeInIndex = 0; path = Pods_AdvanceMad_Inclass01UITests.framework; sourceTree = BUILT_PRODUCTS_DIR; };
		D2942A5D168599C52DCDBA51 /* Pods-AdvanceMad_Inclass01UITests.release.xcconfig */ = {isa = PBXFileReference; includeInIndex = 1; lastKnownFileType = text.xcconfig; name = "Pods-AdvanceMad_Inclass01UITests.release.xcconfig"; path = "Pods/Target Support Files/Pods-AdvanceMad_Inclass01UITests/Pods-AdvanceMad_Inclass01UITests.release.xcconfig"; sourceTree = "<group>"; };
/* End PBXFileReference section */

/* Begin PBXFrameworksBuildPhase section */
		760C0AF81D708C4A001294F6 /* Frameworks */ = {
			isa = PBXFrameworksBuildPhase;
			buildActionMask = 2147483647;
			files = (
				E7701D7A881AE6659CED4E5F /* Pods_AdvanceMad_Inclass01.framework in Frameworks */,
			);
			runOnlyForDeploymentPostprocessing = 0;
		};
		760C0B0F1D708C4A001294F6 /* Frameworks */ = {
			isa = PBXFrameworksBuildPhase;
			buildActionMask = 2147483647;
			files = (
				BA3677EB73E9C79D8C7D1218 /* Pods_AdvanceMad_Inclass01Tests.framework in Frameworks */,
			);
			runOnlyForDeploymentPostprocessing = 0;
		};
		760C0B1A1D708C4A001294F6 /* Frameworks */ = {
			isa = PBXFrameworksBuildPhase;
			buildActionMask = 2147483647;
			files = (
				D416287768EE3FC5D4AA5A72 /* Pods_AdvanceMad_Inclass01UITests.framework in Frameworks */,
			);
			runOnlyForDeploymentPostprocessing = 0;
		};
/* End PBXFrameworksBuildPhase section */

/* Begin PBXGroup section */
		1968A484E07385C7EA0E402F /* Pods */ = {
			isa = PBXGroup;
			children = (
				6FFE95E59912DA10044890E5 /* Pods-AdvanceMad_Inclass01.debug.xcconfig */,
				1990FFCC628D787A25763B8B /* Pods-AdvanceMad_Inclass01.release.xcconfig */,
				2A5A7DB3E0D789FA0E054348 /* Pods-AdvanceMad_Inclass01Tests.debug.xcconfig */,
				6A9412BF187839A1833994ED /* Pods-AdvanceMad_Inclass01Tests.release.xcconfig */,
				6D627D197E6656E33BA94CFC /* Pods-AdvanceMad_Inclass01UITests.debug.xcconfig */,
				D2942A5D168599C52DCDBA51 /* Pods-AdvanceMad_Inclass01UITests.release.xcconfig */,
			);
			name = Pods;
			sourceTree = "<group>";
		};
		760C0AF21D708C4A001294F6 = {
			isa = PBXGroup;
			children = (
				760C0AFD1D708C4A001294F6 /* AdvanceMad_Inclass01 */,
				760C0B151D708C4A001294F6 /* AdvanceMad_Inclass01Tests */,
				760C0B201D708C4A001294F6 /* AdvanceMad_Inclass01UITests */,
				760C0AFC1D708C4A001294F6 /* Products */,
				1968A484E07385C7EA0E402F /* Pods */,
				C0591190B090483406D4F66F /* Frameworks */,
			);
			sourceTree = "<group>";
		};
		760C0AFC1D708C4A001294F6 /* Products */ = {
			isa = PBXGroup;
			children = (
				760C0AFB1D708C4A001294F6 /* AdvanceMad_Inclass01.app */,
				760C0B121D708C4A001294F6 /* AdvanceMad_Inclass01Tests.xctest */,
				760C0B1D1D708C4A001294F6 /* AdvanceMad_Inclass01UITests.xctest */,
			);
			name = Products;
			sourceTree = "<group>";
		};
		760C0AFD1D708C4A001294F6 /* AdvanceMad_Inclass01 */ = {
			isa = PBXGroup;
			children = (
				760C0AFE1D708C4A001294F6 /* AppDelegate.swift */,
				760C0B001D708C4A001294F6 /* ViewController.swift */,
				760C0B021D708C4A001294F6 /* Main.storyboard */,
				76BB2D7B1D77212400A88D71 /* FinalViewController.swift */,
				760C0B081D708C4A001294F6 /* Assets.xcassets */,
				760C0B0A1D708C4A001294F6 /* LaunchScreen.storyboard */,
				760C0B0D1D708C4A001294F6 /* Info.plist */,
				760C0B051D708C4A001294F6 /* AdvanceMad_Inclass01.xcdatamodeld */,
				76BB2D791D77137000A88D71 /* LoginViewController.swift */,
				768D5A331D77D6D200710849 /* AuthenticateViewController.swift */,
			);
			path = AdvanceMad_Inclass01;
			sourceTree = "<group>";
		};
		760C0B151D708C4A001294F6 /* AdvanceMad_Inclass01Tests */ = {
			isa = PBXGroup;
			children = (
				760C0B161D708C4A001294F6 /* AdvanceMad_Inclass01Tests.swift */,
				760C0B181D708C4A001294F6 /* Info.plist */,
			);
			path = AdvanceMad_Inclass01Tests;
			sourceTree = "<group>";
		};
		760C0B201D708C4A001294F6 /* AdvanceMad_Inclass01UITests */ = {
			isa = PBXGroup;
			children = (
				760C0B211D708C4A001294F6 /* AdvanceMad_Inclass01UITests.swift */,
				760C0B231D708C4A001294F6 /* Info.plist */,
			);
			path = AdvanceMad_Inclass01UITests;
			sourceTree = "<group>";
		};
		C0591190B090483406D4F66F /* Frameworks */ = {
			isa = PBXGroup;
			children = (
				53943D8729AE3C9D768ECF7C /* Pods_AdvanceMad_Inclass01.framework */,
				156E57D719353A70C8D29DC1 /* Pods_AdvanceMad_Inclass01Tests.framework */,
				A1CC61AA815D5C80848DEB40 /* Pods_AdvanceMad_Inclass01UITests.framework */,
			);
			name = Frameworks;
			sourceTree = "<group>";
		};
/* End PBXGroup section */

/* Begin PBXNativeTarget section */
		760C0AFA1D708C4A001294F6 /* AdvanceMad_Inclass01 */ = {
			isa = PBXNativeTarget;
			buildConfigurationList = 760C0B261D708C4A001294F6 /* Build configuration list for PBXNativeTarget "AdvanceMad_Inclass01" */;
			buildPhases = (
				10EBBF8B9B875F0A949A2D6A /* [CP] Check Pods Manifest.lock */,
				760C0AF71D708C4A001294F6 /* Sources */,
				760C0AF81D708C4A001294F6 /* Frameworks */,
				760C0AF91D708C4A001294F6 /* Resources */,
				55C6621A3C12E70CFF30EEC5 /* [CP] Embed Pods Frameworks */,
				FA1EEAF65D46433E26C8469E /* [CP] Copy Pods Resources */,
			);
			buildRules = (
			);
			dependencies = (
			);
			name = AdvanceMad_Inclass01;
			productName = AdvanceMad_Inclass01;
			productReference = 760C0AFB1D708C4A001294F6 /* AdvanceMad_Inclass01.app */;
			productType = "com.apple.product-type.application";
		};
		760C0B111D708C4A001294F6 /* AdvanceMad_Inclass01Tests */ = {
			isa = PBXNativeTarget;
			buildConfigurationList = 760C0B291D708C4A001294F6 /* Build configuration list for PBXNativeTarget "AdvanceMad_Inclass01Tests" */;
			buildPhases = (
				4C48601544F3772A418A1447 /* [CP] Check Pods Manifest.lock */,
				760C0B0E1D708C4A001294F6 /* Sources */,
				760C0B0F1D708C4A001294F6 /* Frameworks */,
				760C0B101D708C4A001294F6 /* Resources */,
				F51624185E79A822F03AC2DA /* [CP] Embed Pods Frameworks */,
				F2C7A2B39CB58FE205F57C26 /* [CP] Copy Pods Resources */,
			);
			buildRules = (
			);
			dependencies = (
				760C0B141D708C4A001294F6 /* PBXTargetDependency */,
			);
			name = AdvanceMad_Inclass01Tests;
			productName = AdvanceMad_Inclass01Tests;
			productReference = 760C0B121D708C4A001294F6 /* AdvanceMad_Inclass01Tests.xctest */;
			productType = "com.apple.product-type.bundle.unit-test";
		};
		760C0B1C1D708C4A001294F6 /* AdvanceMad_Inclass01UITests */ = {
			isa = PBXNativeTarget;
			buildConfigurationList = 760C0B2C1D708C4A001294F6 /* Build configuration list for PBXNativeTarget "AdvanceMad_Inclass01UITests" */;
			buildPhases = (
				BA127394A1E4FCFBD04BBF89 /* [CP] Check Pods Manifest.lock */,
				760C0B191D708C4A001294F6 /* Sources */,
				760C0B1A1D708C4A001294F6 /* Frameworks */,
				760C0B1B1D708C4A001294F6 /* Resources */,
				FD17A8D8EEA8CA6115893930 /* [CP] Copy Pods Resources */,
			);
			buildRules = (
			);
			dependencies = (
				760C0B1F1D708C4A001294F6 /* PBXTargetDependency */,
			);
			name = AdvanceMad_Inclass01UITests;
			productName = AdvanceMad_Inclass01UITests;
			productReference = 760C0B1D1D708C4A001294F6 /* AdvanceMad_Inclass01UITests.xctest */;
			productType = "com.apple.product-type.bundle.ui-testing";
		};
/* End PBXNativeTarget section */

/* Begin PBXProject section */
		760C0AF31D708C4A001294F6 /* Project object */ = {
			isa = PBXProject;
			attributes = {
				LastSwiftUpdateCheck = 0730;
				LastUpgradeCheck = 0730;
				ORGANIZATIONNAME = edu.uncc.cs6010;
				TargetAttributes = {
					760C0AFA1D708C4A001294F6 = {
						CreatedOnToolsVersion = 7.3.1;
					};
					760C0B111D708C4A001294F6 = {
						CreatedOnToolsVersion = 7.3.1;
						TestTargetID = 760C0AFA1D708C4A001294F6;
					};
					760C0B1C1D708C4A001294F6 = {
						CreatedOnToolsVersion = 7.3.1;
						TestTargetID = 760C0AFA1D708C4A001294F6;
					};
				};
			};
			buildConfigurationList = 760C0AF61D708C4A001294F6 /* Build configuration list for PBXProject "AdvanceMad_Inclass01" */;
			compatibilityVersion = "Xcode 3.2";
			developmentRegion = English;
			hasScannedForEncodings = 0;
			knownRegions = (
				en,
				Base,
			);
			mainGroup = 760C0AF21D708C4A001294F6;
			productRefGroup = 760C0AFC1D708C4A001294F6 /* Products */;
			projectDirPath = "";
			projectRoot = "";
			targets = (
				760C0AFA1D708C4A001294F6 /* AdvanceMad_Inclass01 */,
				760C0B111D708C4A001294F6 /* AdvanceMad_Inclass01Tests */,
				760C0B1C1D708C4A001294F6 /* AdvanceMad_Inclass01UITests */,
			);
		};
/* End PBXProject section */

/* Begin PBXResourcesBuildPhase section */
		760C0AF91D708C4A001294F6 /* Resources */ = {
			isa = PBXResourcesBuildPhase;
			buildActionMask = 2147483647;
			files = (
				760C0B0C1D708C4A001294F6 /* LaunchScreen.storyboard in Resources */,
				760C0B091D708C4A001294F6 /* Assets.xcassets in Resources */,
				760C0B041D708C4A001294F6 /* Main.storyboard in Resources */,
			);
			runOnlyForDeploymentPostprocessing = 0;
		};
		760C0B101D708C4A001294F6 /* Resources */ = {
			isa = PBXResourcesBuildPhase;
			buildActionMask = 2147483647;
			files = (
			);
			runOnlyForDeploymentPostprocessing = 0;
		};
		760C0B1B1D708C4A001294F6 /* Resources */ = {
			isa = PBXResourcesBuildPhase;
			buildActionMask = 2147483647;
			files = (
			);
			runOnlyForDeploymentPostprocessing = 0;
		};
/* End PBXResourcesBuildPhase section */

/* Begin PBXShellScriptBuildPhase section */
		10EBBF8B9B875F0A949A2D6A /* [CP] Check Pods Manifest.lock */ = {
			isa = PBXShellScriptBuildPhase;
			buildActionMask = 2147483647;
			files = (
			);
			inputPaths = (
			);
			name = "[CP] Check Pods Manifest.lock";
			outputPaths = (
			);
			runOnlyForDeploymentPostprocessing = 0;
			shellPath = /bin/sh;
			shellScript = "diff \"${PODS_ROOT}/../Podfile.lock\" \"${PODS_ROOT}/Manifest.lock\" > /dev/null\nif [[ $? != 0 ]] ; then\n    cat << EOM\nerror: The sandbox is not in sync with the Podfile.lock. Run 'pod install' or update your CocoaPods installation.\nEOM\n    exit 1\nfi\n";
			showEnvVarsInLog = 0;
		};
		4C48601544F3772A418A1447 /* [CP] Check Pods Manifest.lock */ = {
			isa = PBXShellScriptBuildPhase;
			buildActionMask = 2147483647;
			files = (
			);
			inputPaths = (
			);
			name = "[CP] Check Pods Manifest.lock";
			outputPaths = (
			);
			runOnlyForDeploymentPostprocessing = 0;
			shellPath = /bin/sh;
			shellScript = "diff \"${PODS_ROOT}/../Podfile.lock\" \"${PODS_ROOT}/Manifest.lock\" > /dev/null\nif [[ $? != 0 ]] ; then\n    cat << EOM\nerror: The sandbox is not in sync with the Podfile.lock. Run 'pod install' or update your CocoaPods installation.\nEOM\n    exit 1\nfi\n";
			showEnvVarsInLog = 0;
		};
		55C6621A3C12E70CFF30EEC5 /* [CP] Embed Pods Frameworks */ = {
			isa = PBXShellScriptBuildPhase;
			buildActionMask = 2147483647;
			files = (
			);
			inputPaths = (
			);
			name = "[CP] Embed Pods Frameworks";
			outputPaths = (
			);
			runOnlyForDeploymentPostprocessing = 0;
			shellPath = /bin/sh;
			shellScript = "\"${SRCROOT}/Pods/Target Support Files/Pods-AdvanceMad_Inclass01/Pods-AdvanceMad_Inclass01-frameworks.sh\"\n";
			showEnvVarsInLog = 0;
		};
		BA127394A1E4FCFBD04BBF89 /* [CP] Check Pods Manifest.lock */ = {
			isa = PBXShellScriptBuildPhase;
			buildActionMask = 2147483647;
			files = (
			);
			inputPaths = (
			);
			name = "[CP] Check Pods Manifest.lock";
			outputPaths = (
			);
			runOnlyForDeploymentPostprocessing = 0;
			shellPath = /bin/sh;
			shellScript = "diff \"${PODS_ROOT}/../Podfile.lock\" \"${PODS_ROOT}/Manifest.lock\" > /dev/null\nif [[ $? != 0 ]] ; then\n    cat << EOM\nerror: The sandbox is not in sync with the Podfile.lock. Run 'pod install' or update your CocoaPods installation.\nEOM\n    exit 1\nfi\n";
			showEnvVarsInLog = 0;
		};
		F2C7A2B39CB58FE205F57C26 /* [CP] Copy Pods Resources */ = {
			isa = PBXShellScriptBuildPhase;
			buildActionMask = 2147483647;
			files = (
			);
			inputPaths = (
			);
			name = "[CP] Copy Pods Resources";
			outputPaths = (
			);
			runOnlyForDeploymentPostprocessing = 0;
			shellPath = /bin/sh;
			shellScript = "\"${SRCROOT}/Pods/Target Support Files/Pods-AdvanceMad_Inclass01Tests/Pods-AdvanceMad_Inclass01Tests-resources.sh\"\n";
			showEnvVarsInLog = 0;
		};
		F51624185E79A822F03AC2DA /* [CP] Embed Pods Frameworks */ = {
			isa = PBXShellScriptBuildPhase;
			buildActionMask = 2147483647;
			files = (
			);
			inputPaths = (
			);
			name = "[CP] Embed Pods Frameworks";
			outputPaths = (
			);
			runOnlyForDeploymentPostprocessing = 0;
			shellPath = /bin/sh;
			shellScript = "\"${SRCROOT}/Pods/Target Support Files/Pods-AdvanceMad_Inclass01Tests/Pods-AdvanceMad_Inclass01Tests-frameworks.sh\"\n";
			showEnvVarsInLog = 0;
		};
		FA1EEAF65D46433E26C8469E /* [CP] Copy Pods Resources */ = {
			isa = PBXShellScriptBuildPhase;
			buildActionMask = 2147483647;
			files = (
			);
			inputPaths = (
			);
			name = "[CP] Copy Pods Resources";
			outputPaths = (
			);
			runOnlyForDeploymentPostprocessing = 0;
			shellPath = /bin/sh;
			shellScript = "\"${SRCROOT}/Pods/Target Support Files/Pods-AdvanceMad_Inclass01/Pods-AdvanceMad_Inclass01-resources.sh\"\n";
			showEnvVarsInLog = 0;
		};
		FD17A8D8EEA8CA6115893930 /* [CP] Copy Pods Resources */ = {
			isa = PBXShellScriptBuildPhase;
			buildActionMask = 2147483647;
			files = (
			);
			inputPaths = (
			);
			name = "[CP] Copy Pods Resources";
			outputPaths = (
			);
			runOnlyForDeploymentPostprocessing = 0;
			shellPath = /bin/sh;
			shellScript = "\"${SRCROOT}/Pods/Target Support Files/Pods-AdvanceMad_Inclass01UITests/Pods-AdvanceMad_Inclass01UITests-resources.sh\"\n";
			showEnvVarsInLog = 0;
		};
/* End PBXShellScriptBuildPhase section */

/* Begin PBXSourcesBuildPhase section */
		760C0AF71D708C4A001294F6 /* Sources */ = {
			isa = PBXSourcesBuildPhase;
			buildActionMask = 2147483647;
			files = (
				76BB2D7C1D77212400A88D71 /* FinalViewController.swift in Sources */,
				76BB2D7A1D77137000A88D71 /* LoginViewController.swift in Sources */,
				760C0B011D708C4A001294F6 /* ViewController.swift in Sources */,
				760C0AFF1D708C4A001294F6 /* AppDelegate.swift in Sources */,
				768D5A341D77D6D200710849 /* AuthenticateViewController.swift in Sources */,
				760C0B071D708C4A001294F6 /* AdvanceMad_Inclass01.xcdatamodeld in Sources */,
			);
			runOnlyForDeploymentPostprocessing = 0;
		};
		760C0B0E1D708C4A001294F6 /* Sources */ = {
			isa = PBXSourcesBuildPhase;
			buildActionMask = 2147483647;
			files = (
				760C0B171D708C4A001294F6 /* AdvanceMad_Inclass01Tests.swift in Sources */,
			);
			runOnlyForDeploymentPostprocessing = 0;
		};
		760C0B191D708C4A001294F6 /* Sources */ = {
			isa = PBXSourcesBuildPhase;
			buildActionMask = 2147483647;
			files = (
				760C0B221D708C4A001294F6 /* AdvanceMad_Inclass01UITests.swift in Sources */,
			);
			runOnlyForDeploymentPostprocessing = 0;
		};
/* End PBXSourcesBuildPhase section */

/* Begin PBXTargetDependency section */
		760C0B141D708C4A001294F6 /* PBXTargetDependency */ = {
			isa = PBXTargetDependency;
			target = 760C0AFA1D708C4A001294F6 /* AdvanceMad_Inclass01 */;
			targetProxy = 760C0B131D708C4A001294F6 /* PBXContainerItemProxy */;
		};
		760C0B1F1D708C4A001294F6 /* PBXTargetDependency */ = {
			isa = PBXTargetDependency;
			target = 760C0AFA1D708C4A001294F6 /* AdvanceMad_Inclass01 */;
			targetProxy = 760C0B1E1D708C4A001294F6 /* PBXContainerItemProxy */;
		};
/* End PBXTargetDependency section */

/* Begin PBXVariantGroup section */
		760C0B021D708C4A001294F6 /* Main.storyboard */ = {
			isa = PBXVariantGroup;
			children = (
				760C0B031D708C4A001294F6 /* Base */,
			);
			name = Main.storyboard;
			sourceTree = "<group>";
		};
		760C0B0A1D708C4A001294F6 /* LaunchScreen.storyboard */ = {
			isa = PBXVariantGroup;
			children = (
				760C0B0B1D708C4A001294F6 /* Base */,
			);
			name = LaunchScreen.storyboard;
			sourceTree = "<group>";
		};
/* End PBXVariantGroup section */

/* Begin XCBuildConfiguration section */
		760C0B241D708C4A001294F6 /* Debug */ = {
			isa = XCBuildConfiguration;
			buildSettings = {
				ALWAYS_SEARCH_USER_PATHS = NO;
				CLANG_ANALYZER_NONNULL = YES;
				CLANG_CXX_LANGUAGE_STANDARD = "gnu++0x";
				CLANG_CXX_LIBRARY = "libc++";
				CLANG_ENABLE_MODULES = YES;
				CLANG_ENABLE_OBJC_ARC = YES;
				CLANG_WARN_BOOL_CONVERSION = YES;
				CLANG_WARN_CONSTANT_CONVERSION = YES;
				CLANG_WARN_DIRECT_OBJC_ISA_USAGE = YES_ERROR;
				CLANG_WARN_EMPTY_BODY = YES;
				CLANG_WARN_ENUM_CONVERSION = YES;
				CLANG_WARN_INT_CONVERSION = YES;
				CLANG_WARN_OBJC_ROOT_CLASS = YES_ERROR;
				CLANG_WARN_UNREACHABLE_CODE = YES;
				CLANG_WARN__DUPLICATE_METHOD_MATCH = YES;
				"CODE_SIGN_IDENTITY[sdk=iphoneos*]" = "iPhone Developer";
				COPY_PHASE_STRIP = NO;
				DEBUG_INFORMATION_FORMAT = dwarf;
				ENABLE_STRICT_OBJC_MSGSEND = YES;
				ENABLE_TESTABILITY = YES;
				GCC_C_LANGUAGE_STANDARD = gnu99;
				GCC_DYNAMIC_NO_PIC = NO;
				GCC_NO_COMMON_BLOCKS = YES;
				GCC_OPTIMIZATION_LEVEL = 0;
				GCC_PREPROCESSOR_DEFINITIONS = (
					"DEBUG=1",
					"$(inherited)",
				);
				GCC_WARN_64_TO_32_BIT_CONVERSION = YES;
				GCC_WARN_ABOUT_RETURN_TYPE = YES_ERROR;
				GCC_WARN_UNDECLARED_SELECTOR = YES;
				GCC_WARN_UNINITIALIZED_AUTOS = YES_AGGRESSIVE;
				GCC_WARN_UNUSED_FUNCTION = YES;
				GCC_WARN_UNUSED_VARIABLE = YES;
				IPHONEOS_DEPLOYMENT_TARGET = 9.3;
				MTL_ENABLE_DEBUG_INFO = YES;
				ONLY_ACTIVE_ARCH = YES;
				SDKROOT = iphoneos;
				SWIFT_OPTIMIZATION_LEVEL = "-Onone";
				TARGETED_DEVICE_FAMILY = "1,2";
			};
			name = Debug;
		};
		760C0B251D708C4A001294F6 /* Release */ = {
			isa = XCBuildConfiguration;
			buildSettings = {
				ALWAYS_SEARCH_USER_PATHS = NO;
				CLANG_ANALYZER_NONNULL = YES;
				CLANG_CXX_LANGUAGE_STANDARD = "gnu++0x";
				CLANG_CXX_LIBRARY = "libc++";
				CLANG_ENABLE_MODULES = YES;
				CLANG_ENABLE_OBJC_ARC = YES;
				CLANG_WARN_BOOL_CONVERSION = YES;
				CLANG_WARN_CONSTANT_CONVERSION = YES;
				CLANG_WARN_DIRECT_OBJC_ISA_USAGE = YES_ERROR;
				CLANG_WARN_EMPTY_BODY = YES;
				CLANG_WARN_ENUM_CONVERSION = YES;
				CLANG_WARN_INT_CONVERSION = YES;
				CLANG_WARN_OBJC_ROOT_CLASS = YES_ERROR;
				CLANG_WARN_UNREACHABLE_CODE = YES;
				CLANG_WARN__DUPLICATE_METHOD_MATCH = YES;
				"CODE_SIGN_IDENTITY[sdk=iphoneos*]" = "iPhone Developer";
				COPY_PHASE_STRIP = NO;
				DEBUG_INFORMATION_FORMAT = "dwarf-with-dsym";
				ENABLE_NS_ASSERTIONS = NO;
				ENABLE_STRICT_OBJC_MSGSEND = YES;
				GCC_C_LANGUAGE_STANDARD = gnu99;
				GCC_NO_COMMON_BLOCKS = YES;
				GCC_WARN_64_TO_32_BIT_CONVERSION = YES;
				GCC_WARN_ABOUT_RETURN_TYPE = YES_ERROR;
				GCC_WARN_UNDECLARED_SELECTOR = YES;
				GCC_WARN_UNINITIALIZED_AUTOS = YES_AGGRESSIVE;
				GCC_WARN_UNUSED_FUNCTION = YES;
				GCC_WARN_UNUSED_VARIABLE = YES;
				IPHONEOS_DEPLOYMENT_TARGET = 9.3;
				MTL_ENABLE_DEBUG_INFO = NO;
				SDKROOT = iphoneos;
				TARGETED_DEVICE_FAMILY = "1,2";
				VALIDATE_PRODUCT = YES;
			};
			name = Release;
		};
		760C0B271D708C4A001294F6 /* Debug */ = {
			isa = XCBuildConfiguration;
			baseConfigurationReference = 6FFE95E59912DA10044890E5 /* Pods-AdvanceMad_Inclass01.debug.xcconfig */;
			buildSettings = {
				ASSETCATALOG_COMPILER_APPICON_NAME = AppIcon;
				INFOPLIST_FILE = AdvanceMad_Inclass01/Info.plist;
				LD_RUNPATH_SEARCH_PATHS = "$(inherited) @executable_path/Frameworks";
				PRODUCT_BUNDLE_IDENTIFIER = "edu.uncc.cs6010.AdvanceMad-Inclass01";
				PRODUCT_NAME = "$(TARGET_NAME)";
			};
			name = Debug;
		};
		760C0B281D708C4A001294F6 /* Release */ = {
			isa = XCBuildConfiguration;
			baseConfigurationReference = 1990FFCC628D787A25763B8B /* Pods-AdvanceMad_Inclass01.release.xcconfig */;
			buildSettings = {
				ASSETCATALOG_COMPILER_APPICON_NAME = AppIcon;
				INFOPLIST_FILE = AdvanceMad_Inclass01/Info.plist;
				LD_RUNPATH_SEARCH_PATHS = "$(inherited) @executable_path/Frameworks";
				PRODUCT_BUNDLE_IDENTIFIER = "edu.uncc.cs6010.AdvanceMad-Inclass01";
				PRODUCT_NAME = "$(TARGET_NAME)";
			};
			name = Release;
		};
		760C0B2A1D708C4A001294F6 /* Debug */ = {
			isa = XCBuildConfiguration;
			baseConfigurationReference = 2A5A7DB3E0D789FA0E054348 /* Pods-AdvanceMad_Inclass01Tests.debug.xcconfig */;
			buildSettings = {
				BUNDLE_LOADER = "$(TEST_HOST)";
				INFOPLIST_FILE = AdvanceMad_Inclass01Tests/Info.plist;
				LD_RUNPATH_SEARCH_PATHS = "$(inherited) @executable_path/Frameworks @loader_path/Frameworks";
				PRODUCT_BUNDLE_IDENTIFIER = "edu.uncc.cs6010.AdvanceMad-Inclass01Tests";
				PRODUCT_NAME = "$(TARGET_NAME)";
				TEST_HOST = "$(BUILT_PRODUCTS_DIR)/AdvanceMad_Inclass01.app/AdvanceMad_Inclass01";
			};
			name = Debug;
		};
		760C0B2B1D708C4A001294F6 /* Release */ = {
			isa = XCBuildConfiguration;
			baseConfigurationReference = 6A9412BF187839A1833994ED /* Pods-AdvanceMad_Inclass01Tests.release.xcconfig */;
			buildSettings = {
				BUNDLE_LOADER = "$(TEST_HOST)";
				INFOPLIST_FILE = AdvanceMad_Inclass01Tests/Info.plist;
				LD_RUNPATH_SEARCH_PATHS = "$(inherited) @executable_path/Frameworks @loader_path/Frameworks";
				PRODUCT_BUNDLE_IDENTIFIER = "edu.uncc.cs6010.AdvanceMad-Inclass01Tests";
				PRODUCT_NAME = "$(TARGET_NAME)";
				TEST_HOST = "$(BUILT_PRODUCTS_DIR)/AdvanceMad_Inclass01.app/AdvanceMad_Inclass01";
			};
			name = Release;
		};
		760C0B2D1D708C4A001294F6 /* Debug */ = {
			isa = XCBuildConfiguration;
			baseConfigurationReference = 6D627D197E6656E33BA94CFC /* Pods-AdvanceMad_Inclass01UITests.debug.xcconfig */;
			buildSettings = {
				INFOPLIST_FILE = AdvanceMad_Inclass01UITests/Info.plist;
				LD_RUNPATH_SEARCH_PATHS = "$(inherited) @executable_path/Frameworks @loader_path/Frameworks";
				PRODUCT_BUNDLE_IDENTIFIER = "edu.uncc.cs6010.AdvanceMad-Inclass01UITests";
				PRODUCT_NAME = "$(TARGET_NAME)";
				TEST_TARGET_NAME = AdvanceMad_Inclass01;
			};
			name = Debug;
		};
		760C0B2E1D708C4A001294F6 /* Release */ = {
			isa = XCBuildConfiguration;
			baseConfigurationReference = D2942A5D168599C52DCDBA51 /* Pods-AdvanceMad_Inclass01UITests.release.xcconfig */;
			buildSettings = {
				INFOPLIST_FILE = AdvanceMad_Inclass01UITests/Info.plist;
				LD_RUNPATH_SEARCH_PATHS = "$(inherited) @executable_path/Frameworks @loader_path/Frameworks";
				PRODUCT_BUNDLE_IDENTIFIER = "edu.uncc.cs6010.AdvanceMad-Inclass01UITests";
				PRODUCT_NAME = "$(TARGET_NAME)";
				TEST_TARGET_NAME = AdvanceMad_Inclass01;
			};
			name = Release;
		};
/* End XCBuildConfiguration section */

/* Begin XCConfigurationList section */
		760C0AF61D708C4A001294F6 /* Build configuration list for PBXProject "AdvanceMad_Inclass01" */ = {
			isa = XCConfigurationList;
			buildConfigurations = (
				760C0B241D708C4A001294F6 /* Debug */,
				760C0B251D708C4A001294F6 /* Release */,
			);
			defaultConfigurationIsVisible = 0;
			defaultConfigurationName = Release;
		};
		760C0B261D708C4A001294F6 /* Build configuration list for PBXNativeTarget "AdvanceMad_Inclass01" */ = {
			isa = XCConfigurationList;
			buildConfigurations = (
				760C0B271D708C4A001294F6 /* Debug */,
				760C0B281D708C4A001294F6 /* Release */,
			);
			defaultConfigurationIsVisible = 0;
			defaultConfigurationName = Release;
		};
		760C0B291D708C4A001294F6 /* Build configuration list for PBXNativeTarget "AdvanceMad_Inclass01Tests" */ = {
			isa = XCConfigurationList;
			buildConfigurations = (
				760C0B2A1D708C4A001294F6 /* Debug */,
				760C0B2B1D708C4A001294F6 /* Release */,
			);
			defaultConfigurationIsVisible = 0;
			defaultConfigurationName = Release;
		};
		760C0B2C1D708C4A001294F6 /* Build configuration list for PBXNativeTarget "AdvanceMad_Inclass01UITests" */ = {
			isa = XCConfigurationList;
			buildConfigurations = (
				760C0B2D1D708C4A001294F6 /* Debug */,
				760C0B2E1D708C4A001294F6 /* Release */,
			);
			defaultConfigurationIsVisible = 0;
			defaultConfigurationName = Release;
		};
/* End XCConfigurationList section */

/* Begin XCVersionGroup section */
		760C0B051D708C4A001294F6 /* AdvanceMad_Inclass01.xcdatamodeld */ = {
			isa = XCVersionGroup;
			children = (
				760C0B061D708C4A001294F6 /* AdvanceMad_Inclass01.xcdatamodel */,
			);
			currentVersion = 760C0B061D708C4A001294F6 /* AdvanceMad_Inclass01.xcdatamodel */;
			path = AdvanceMad_Inclass01.xcdatamodeld;
			sourceTree = "<group>";
			versionGroupType = wrapper.xcdatamodel;
		};
/* End XCVersionGroup section */
	};
	rootObject = 760C0AF31D708C4A001294F6 /* Project object */;
}
