// !$*UTF8*$!
{
	archiveVersion = 1;
	classes = {
	};
	objectVersion = 46;
	objects = {

/* Begin PBXBuildFile section */
		767710D81DC97F6900476576 /* AppDelegate.swift in Sources */ = {isa = PBXBuildFile; fileRef = 767710D71DC97F6900476576 /* AppDelegate.swift */; };
		767710DA1DC97F6900476576 /* ViewController.swift in Sources */ = {isa = PBXBuildFile; fileRef = 767710D91DC97F6900476576 /* ViewController.swift */; };
		767710DD1DC97F6900476576 /* Main.storyboard in Resources */ = {isa = PBXBuildFile; fileRef = 767710DB1DC97F6900476576 /* Main.storyboard */; };
		767710E01DC97F6900476576 /* FinalProject.xcdatamodeld in Sources */ = {isa = PBXBuildFile; fileRef = 767710DE1DC97F6900476576 /* FinalProject.xcdatamodeld */; };
		767710E21DC97F6900476576 /* Assets.xcassets in Resources */ = {isa = PBXBuildFile; fileRef = 767710E11DC97F6900476576 /* Assets.xcassets */; };
		767710E51DC97F6900476576 /* LaunchScreen.storyboard in Resources */ = {isa = PBXBuildFile; fileRef = 767710E31DC97F6900476576 /* LaunchScreen.storyboard */; };
/* End PBXBuildFile section */

/* Begin PBXFileReference section */
		767710D41DC97F6900476576 /* FinalProject.app */ = {isa = PBXFileReference; explicitFileType = wrapper.application; includeInIndex = 0; path = FinalProject.app; sourceTree = BUILT_PRODUCTS_DIR; };
		767710D71DC97F6900476576 /* AppDelegate.swift */ = {isa = PBXFileReference; lastKnownFileType = sourcecode.swift; path = AppDelegate.swift; sourceTree = "<group>"; };
		767710D91DC97F6900476576 /* ViewController.swift */ = {isa = PBXFileReference; lastKnownFileType = sourcecode.swift; path = ViewController.swift; sourceTree = "<group>"; };
		767710DC1DC97F6900476576 /* Base */ = {isa = PBXFileReference; lastKnownFileType = file.storyboard; name = Base; path = Base.lproj/Main.storyboard; sourceTree = "<group>"; };
		767710DF1DC97F6900476576 /* FinalProject.xcdatamodel */ = {isa = PBXFileReference; lastKnownFileType = wrapper.xcdatamodel; path = FinalProject.xcdatamodel; sourceTree = "<group>"; };
		767710E11DC97F6900476576 /* Assets.xcassets */ = {isa = PBXFileReference; lastKnownFileType = folder.assetcatalog; path = Assets.xcassets; sourceTree = "<group>"; };
		767710E41DC97F6900476576 /* Base */ = {isa = PBXFileReference; lastKnownFileType = file.storyboard; name = Base; path = Base.lproj/LaunchScreen.storyboard; sourceTree = "<group>"; };
		767710E61DC97F6900476576 /* Info.plist */ = {isa = PBXFileReference; lastKnownFileType = text.plist.xml; path = Info.plist; sourceTree = "<group>"; };
/* End PBXFileReference section */

/* Begin PBXFrameworksBuildPhase section */
		767710D11DC97F6900476576 /* Frameworks */ = {
			isa = PBXFrameworksBuildPhase;
			buildActionMask = 2147483647;
			files = (
			);
			runOnlyForDeploymentPostprocessing = 0;
		};
/* End PBXFrameworksBuildPhase section */

/* Begin PBXGroup section */
		767710CB1DC97F6900476576 = {
			isa = PBXGroup;
			children = (
				767710D61DC97F6900476576 /* FinalProject */,
				767710D51DC97F6900476576 /* Products */,
			);
			sourceTree = "<group>";
		};
		767710D51DC97F6900476576 /* Products */ = {
			isa = PBXGroup;
			children = (
				767710D41DC97F6900476576 /* FinalProject.app */,
			);
			name = Products;
			sourceTree = "<group>";
		};
		767710D61DC97F6900476576 /* FinalProject */ = {
			isa = PBXGroup;
			children = (
				767710D71DC97F6900476576 /* AppDelegate.swift */,
				767710D91DC97F6900476576 /* ViewController.swift */,
				767710DB1DC97F6900476576 /* Main.storyboard */,
				767710E11DC97F6900476576 /* Assets.xcassets */,
				767710E31DC97F6900476576 /* LaunchScreen.storyboard */,
				767710E61DC97F6900476576 /* Info.plist */,
				767710DE1DC97F6900476576 /* FinalProject.xcdatamodeld */,
			);
			path = FinalProject;
			sourceTree = "<group>";
		};
/* End PBXGroup section */

/* Begin PBXNativeTarget section */
		767710D31DC97F6900476576 /* FinalProject */ = {
			isa = PBXNativeTarget;
			buildConfigurationList = 767710E91DC97F6900476576 /* Build configuration list for PBXNativeTarget "FinalProject" */;
			buildPhases = (
				767710D01DC97F6900476576 /* Sources */,
				767710D11DC97F6900476576 /* Frameworks */,
				767710D21DC97F6900476576 /* Resources */,
			);
			buildRules = (
			);
			dependencies = (
			);
			name = FinalProject;
			productName = FinalProject;
			productReference = 767710D41DC97F6900476576 /* FinalProject.app */;
			productType = "com.apple.product-type.application";
		};
/* End PBXNativeTarget section */

/* Begin PBXProject section */
		767710CC1DC97F6900476576 /* Project object */ = {
			isa = PBXProject;
			attributes = {
				LastSwiftUpdateCheck = 0800;
				LastUpgradeCheck = 0800;
				ORGANIZATIONNAME = edu.uncc.cs6010;
				TargetAttributes = {
					767710D31DC97F6900476576 = {
						CreatedOnToolsVersion = 8.0;
						DevelopmentTeam = WN3YQ2PUY2;
						ProvisioningStyle = Automatic;
					};
				};
			};
			buildConfigurationList = 767710CF1DC97F6900476576 /* Build configuration list for PBXProject "FinalProject" */;
			compatibilityVersion = "Xcode 3.2";
			developmentRegion = English;
			hasScannedForEncodings = 0;
			knownRegions = (
				en,
				Base,
			);
			mainGroup = 767710CB1DC97F6900476576;
			productRefGroup = 767710D51DC97F6900476576 /* Products */;
			projectDirPath = "";
			projectRoot = "";
			targets = (
				767710D31DC97F6900476576 /* FinalProject */,
			);
		};
/* End PBXProject section */

/* Begin PBXResourcesBuildPhase section */
		767710D21DC97F6900476576 /* Resources */ = {
			isa = PBXResourcesBuildPhase;
			buildActionMask = 2147483647;
			files = (
				767710E51DC97F6900476576 /* LaunchScreen.storyboard in Resources */,
				767710E21DC97F6900476576 /* Assets.xcassets in Resources */,
				767710DD1DC97F6900476576 /* Main.storyboard in Resources */,
			);
			runOnlyForDeploymentPostprocessing = 0;
		};
/* End PBXResourcesBuildPhase section */

/* Begin PBXSourcesBuildPhase section */
		767710D01DC97F6900476576 /* Sources */ = {
			isa = PBXSourcesBuildPhase;
			buildActionMask = 2147483647;
			files = (
				767710DA1DC97F6900476576 /* ViewController.swift in Sources */,
				767710D81DC97F6900476576 /* AppDelegate.swift in Sources */,
				767710E01DC97F6900476576 /* FinalProject.xcdatamodeld in Sources */,
			);
			runOnlyForDeploymentPostprocessing = 0;
		};
/* End PBXSourcesBuildPhase section */

/* Begin PBXVariantGroup section */
		767710DB1DC97F6900476576 /* Main.storyboard */ = {
			isa = PBXVariantGroup;
			children = (
				767710DC1DC97F6900476576 /* Base */,
			);
			name = Main.storyboard;
			sourceTree = "<group>";
		};
		767710E31DC97F6900476576 /* LaunchScreen.storyboard */ = {
			isa = PBXVariantGroup;
			children = (
				767710E41DC97F6900476576 /* Base */,
			);
			name = LaunchScreen.storyboard;
			sourceTree = "<group>";
		};
/* End PBXVariantGroup section */

/* Begin XCBuildConfiguration section */
		767710E71DC97F6900476576 /* Debug */ = {
			isa = XCBuildConfiguration;
			buildSettings = {
				ALWAYS_SEARCH_USER_PATHS = NO;
				CLANG_ANALYZER_NONNULL = YES;
				CLANG_CXX_LANGUAGE_STANDARD = "gnu++0x";
				CLANG_CXX_LIBRARY = "libc++";
				CLANG_ENABLE_MODULES = YES;
				CLANG_ENABLE_OBJC_ARC = YES;
				CLANG_WARN_BOOL_CONVERSION = YES;
				CLANG_WARN_CONSTANT_CONVERSION = YES;
				CLANG_WARN_DIRECT_OBJC_ISA_USAGE = YES_ERROR;
				CLANG_WARN_DOCUMENTATION_COMMENTS = YES;
				CLANG_WARN_EMPTY_BODY = YES;
				CLANG_WARN_ENUM_CONVERSION = YES;
				CLANG_WARN_INFINITE_RECURSION = YES;
				CLANG_WARN_INT_CONVERSION = YES;
				CLANG_WARN_OBJC_ROOT_CLASS = YES_ERROR;
				CLANG_WARN_SUSPICIOUS_MOVES = YES;
				CLANG_WARN_UNREACHABLE_CODE = YES;
				CLANG_WARN__DUPLICATE_METHOD_MATCH = YES;
				"CODE_SIGN_IDENTITY[sdk=iphoneos*]" = "iPhone Developer";
				COPY_PHASE_STRIP = NO;
				DEBUG_INFORMATION_FORMAT = dwarf;
				ENABLE_STRICT_OBJC_MSGSEND = YES;
				ENABLE_TESTABILITY = YES;
				GCC_C_LANGUAGE_STANDARD = gnu99;
				GCC_DYNAMIC_NO_PIC = NO;
				GCC_NO_COMMON_BLOCKS = YES;
				GCC_OPTIMIZATION_LEVEL = 0;
				GCC_PREPROCESSOR_DEFINITIONS = (
					"DEBUG=1",
					"$(inherited)",
				);
				GCC_WARN_64_TO_32_BIT_CONVERSION = YES;
				GCC_WARN_ABOUT_RETURN_TYPE = YES_ERROR;
				GCC_WARN_UNDECLARED_SELECTOR = YES;
				GCC_WARN_UNINITIALIZED_AUTOS = YES_AGGRESSIVE;
				GCC_WARN_UNUSED_FUNCTION = YES;
				GCC_WARN_UNUSED_VARIABLE = YES;
				IPHONEOS_DEPLOYMENT_TARGET = 10.0;
				MTL_ENABLE_DEBUG_INFO = YES;
				ONLY_ACTIVE_ARCH = YES;
				SDKROOT = iphoneos;
				SWIFT_ACTIVE_COMPILATION_CONDITIONS = DEBUG;
				SWIFT_OPTIMIZATION_LEVEL = "-Onone";
				TARGETED_DEVICE_FAMILY = "1,2";
			};
			name = Debug;
		};
		767710E81DC97F6900476576 /* Release */ = {
			isa = XCBuildConfiguration;
			buildSettings = {
				ALWAYS_SEARCH_USER_PATHS = NO;
				CLANG_ANALYZER_NONNULL = YES;
				CLANG_CXX_LANGUAGE_STANDARD = "gnu++0x";
				CLANG_CXX_LIBRARY = "libc++";
				CLANG_ENABLE_MODULES = YES;
				CLANG_ENABLE_OBJC_ARC = YES;
				CLANG_WARN_BOOL_CONVERSION = YES;
				CLANG_WARN_CONSTANT_CONVERSION = YES;
				CLANG_WARN_DIRECT_OBJC_ISA_USAGE = YES_ERROR;
				CLANG_WARN_DOCUMENTATION_COMMENTS = YES;
				CLANG_WARN_EMPTY_BODY = YES;
				CLANG_WARN_ENUM_CONVERSION = YES;
				CLANG_WARN_INFINITE_RECURSION = YES;
				CLANG_WARN_INT_CONVERSION = YES;
				CLANG_WARN_OBJC_ROOT_CLASS = YES_ERROR;
				CLANG_WARN_SUSPICIOUS_MOVES = YES;
				CLANG_WARN_UNREACHABLE_CODE = YES;
				CLANG_WARN__DUPLICATE_METHOD_MATCH = YES;
				"CODE_SIGN_IDENTITY[sdk=iphoneos*]" = "iPhone Developer";
				COPY_PHASE_STRIP = NO;
				DEBUG_INFORMATION_FORMAT = "dwarf-with-dsym";
				ENABLE_NS_ASSERTIONS = NO;
				ENABLE_STRICT_OBJC_MSGSEND = YES;
				GCC_C_LANGUAGE_STANDARD = gnu99;
				GCC_NO_COMMON_BLOCKS = YES;
				GCC_WARN_64_TO_32_BIT_CONVERSION = YES;
				GCC_WARN_ABOUT_RETURN_TYPE = YES_ERROR;
				GCC_WARN_UNDECLARED_SELECTOR = YES;
				GCC_WARN_UNINITIALIZED_AUTOS = YES_AGGRESSIVE;
				GCC_WARN_UNUSED_FUNCTION = YES;
				GCC_WARN_UNUSED_VARIABLE = YES;
				IPHONEOS_DEPLOYMENT_TARGET = 10.0;
				MTL_ENABLE_DEBUG_INFO = NO;
				SDKROOT = iphoneos;
				SWIFT_OPTIMIZATION_LEVEL = "-Owholemodule";
				TARGETED_DEVICE_FAMILY = "1,2";
				VALIDATE_PRODUCT = YES;
			};
			name = Release;
		};
		767710EA1DC97F6900476576 /* Debug */ = {
			isa = XCBuildConfiguration;
			buildSettings = {
				ASSETCATALOG_COMPILER_APPICON_NAME = AppIcon;
				DEVELOPMENT_TEAM = WN3YQ2PUY2;
				INFOPLIST_FILE = FinalProject/Info.plist;
				LD_RUNPATH_SEARCH_PATHS = "$(inherited) @executable_path/Frameworks";
				PRODUCT_BUNDLE_IDENTIFIER = edu.uncc.FinalProject;
				PRODUCT_NAME = "$(TARGET_NAME)";
				SWIFT_VERSION = 3.0;
			};
			name = Debug;
		};
		767710EB1DC97F6900476576 /* Release */ = {
			isa = XCBuildConfiguration;
			buildSettings = {
				ASSETCATALOG_COMPILER_APPICON_NAME = AppIcon;
				DEVELOPMENT_TEAM = WN3YQ2PUY2;
				INFOPLIST_FILE = FinalProject/Info.plist;
				LD_RUNPATH_SEARCH_PATHS = "$(inherited) @executable_path/Frameworks";
				PRODUCT_BUNDLE_IDENTIFIER = edu.uncc.FinalProject;
				PRODUCT_NAME = "$(TARGET_NAME)";
				SWIFT_VERSION = 3.0;
			};
			name = Release;
		};
/* End XCBuildConfiguration section */

/* Begin XCConfigurationList section */
		767710CF1DC97F6900476576 /* Build configuration list for PBXProject "FinalProject" */ = {
			isa = XCConfigurationList;
			buildConfigurations = (
				767710E71DC97F6900476576 /* Debug */,
				767710E81DC97F6900476576 /* Release */,
			);
			defaultConfigurationIsVisible = 0;
			defaultConfigurationName = Release;
		};
		767710E91DC97F6900476576 /* Build configuration list for PBXNativeTarget "FinalProject" */ = {
			isa = XCConfigurationList;
			buildConfigurations = (
				767710EA1DC97F6900476576 /* Debug */,
				767710EB1DC97F6900476576 /* Release */,
			);
			defaultConfigurationIsVisible = 0;
		};
/* End XCConfigurationList section */

/* Begin XCVersionGroup section */
		767710DE1DC97F6900476576 /* FinalProject.xcdatamodeld */ = {
			isa = XCVersionGroup;
			children = (
				767710DF1DC97F6900476576 /* FinalProject.xcdatamodel */,
			);
			currentVersion = 767710DF1DC97F6900476576 /* FinalProject.xcdatamodel */;
			path = FinalProject.xcdatamodeld;
			sourceTree = "<group>";
			versionGroupType = wrapper.xcdatamodel;
		};
/* End XCVersionGroup section */
	};
	rootObject = 767710CC1DC97F6900476576 /* Project object */;
}
