// !$*UTF8*$!
{
	archiveVersion = 1;
	classes = {
	};
	objectVersion = 46;
	objects = {

/* Begin PBXBuildFile section */
		76327FFC1D37D65F001AC8E9 /* CasiniViewController.swift in Sources */ = {isa = PBXBuildFile; fileRef = 76327FFB1D37D65F001AC8E9 /* CasiniViewController.swift */; };
		76CF2C691D36FCD5003030D5 /* AppDelegate.swift in Sources */ = {isa = PBXBuildFile; fileRef = 76CF2C681D36FCD5003030D5 /* AppDelegate.swift */; };
		76CF2C6E1D36FCD5003030D5 /* Main.storyboard in Resources */ = {isa = PBXBuildFile; fileRef = 76CF2C6C1D36FCD5003030D5 /* Main.storyboard */; };
		76CF2C711D36FCD5003030D5 /* Casini.xcdatamodeld in Sources */ = {isa = PBXBuildFile; fileRef = 76CF2C6F1D36FCD5003030D5 /* Casini.xcdatamodeld */; };
		76CF2C731D36FCD5003030D5 /* Assets.xcassets in Resources */ = {isa = PBXBuildFile; fileRef = 76CF2C721D36FCD5003030D5 /* Assets.xcassets */; };
		76CF2C761D36FCD5003030D5 /* LaunchScreen.storyboard in Resources */ = {isa = PBXBuildFile; fileRef = 76CF2C741D36FCD5003030D5 /* LaunchScreen.storyboard */; };
		76CF2C811D36FCD5003030D5 /* CasiniTests.swift in Sources */ = {isa = PBXBuildFile; fileRef = 76CF2C801D36FCD5003030D5 /* CasiniTests.swift */; };
		76CF2C8C1D36FCD5003030D5 /* CasiniUITests.swift in Sources */ = {isa = PBXBuildFile; fileRef = 76CF2C8B1D36FCD5003030D5 /* CasiniUITests.swift */; };
		76CF2C9B1D36FD41003030D5 /* ImageViewController.swift in Sources */ = {isa = PBXBuildFile; fileRef = 76CF2C9A1D36FD41003030D5 /* ImageViewController.swift */; };
		76CF2C9D1D3700D4003030D5 /* DemoURL.swift in Sources */ = {isa = PBXBuildFile; fileRef = 76CF2C9C1D3700D4003030D5 /* DemoURL.swift */; };
/* End PBXBuildFile section */

/* Begin PBXContainerItemProxy section */
		76CF2C7D1D36FCD5003030D5 /* PBXContainerItemProxy */ = {
			isa = PBXContainerItemProxy;
			containerPortal = 76CF2C5D1D36FCD5003030D5 /* Project object */;
			proxyType = 1;
			remoteGlobalIDString = 76CF2C641D36FCD5003030D5;
			remoteInfo = Casini;
		};
		76CF2C881D36FCD5003030D5 /* PBXContainerItemProxy */ = {
			isa = PBXContainerItemProxy;
			containerPortal = 76CF2C5D1D36FCD5003030D5 /* Project object */;
			proxyType = 1;
			remoteGlobalIDString = 76CF2C641D36FCD5003030D5;
			remoteInfo = Casini;
		};
/* End PBXContainerItemProxy section */

/* Begin PBXFileReference section */
		76327FFB1D37D65F001AC8E9 /* CasiniViewController.swift */ = {isa = PBXFileReference; fileEncoding = 4; lastKnownFileType = sourcecode.swift; path = CasiniViewController.swift; sourceTree = "<group>"; };
		76CF2C651D36FCD5003030D5 /* Casini.app */ = {isa = PBXFileReference; explicitFileType = wrapper.application; includeInIndex = 0; path = Casini.app; sourceTree = BUILT_PRODUCTS_DIR; };
		76CF2C681D36FCD5003030D5 /* AppDelegate.swift */ = {isa = PBXFileReference; lastKnownFileType = sourcecode.swift; path = AppDelegate.swift; sourceTree = "<group>"; };
		76CF2C6D1D36FCD5003030D5 /* Base */ = {isa = PBXFileReference; lastKnownFileType = file.storyboard; name = Base; path = Base.lproj/Main.storyboard; sourceTree = "<group>"; };
		76CF2C701D36FCD5003030D5 /* Casini.xcdatamodel */ = {isa = PBXFileReference; lastKnownFileType = wrapper.xcdatamodel; path = Casini.xcdatamodel; sourceTree = "<group>"; };
		76CF2C721D36FCD5003030D5 /* Assets.xcassets */ = {isa = PBXFileReference; lastKnownFileType = folder.assetcatalog; path = Assets.xcassets; sourceTree = "<group>"; };
		76CF2C751D36FCD5003030D5 /* Base */ = {isa = PBXFileReference; lastKnownFileType = file.storyboard; name = Base; path = Base.lproj/LaunchScreen.storyboard; sourceTree = "<group>"; };
		76CF2C771D36FCD5003030D5 /* Info.plist */ = {isa = PBXFileReference; lastKnownFileType = text.plist.xml; path = Info.plist; sourceTree = "<group>"; };
		76CF2C7C1D36FCD5003030D5 /* CasiniTests.xctest */ = {isa = PBXFileReference; explicitFileType = wrapper.cfbundle; includeInIndex = 0; path = CasiniTests.xctest; sourceTree = BUILT_PRODUCTS_DIR; };
		76CF2C801D36FCD5003030D5 /* CasiniTests.swift */ = {isa = PBXFileReference; lastKnownFileType = sourcecode.swift; path = CasiniTests.swift; sourceTree = "<group>"; };
		76CF2C821D36FCD5003030D5 /* Info.plist */ = {isa = PBXFileReference; lastKnownFileType = text.plist.xml; path = Info.plist; sourceTree = "<group>"; };
		76CF2C871D36FCD5003030D5 /* CasiniUITests.xctest */ = {isa = PBXFileReference; explicitFileType = wrapper.cfbundle; includeInIndex = 0; path = CasiniUITests.xctest; sourceTree = BUILT_PRODUCTS_DIR; };
		76CF2C8B1D36FCD5003030D5 /* CasiniUITests.swift */ = {isa = PBXFileReference; lastKnownFileType = sourcecode.swift; path = CasiniUITests.swift; sourceTree = "<group>"; };
		76CF2C8D1D36FCD5003030D5 /* Info.plist */ = {isa = PBXFileReference; lastKnownFileType = text.plist.xml; path = Info.plist; sourceTree = "<group>"; };
		76CF2C9A1D36FD41003030D5 /* ImageViewController.swift */ = {isa = PBXFileReference; fileEncoding = 4; lastKnownFileType = sourcecode.swift; path = ImageViewController.swift; sourceTree = "<group>"; };
		76CF2C9C1D3700D4003030D5 /* DemoURL.swift */ = {isa = PBXFileReference; fileEncoding = 4; lastKnownFileType = sourcecode.swift; path = DemoURL.swift; sourceTree = "<group>"; };
/* End PBXFileReference section */

/* Begin PBXFrameworksBuildPhase section */
		76CF2C621D36FCD5003030D5 /* Frameworks */ = {
			isa = PBXFrameworksBuildPhase;
			buildActionMask = 2147483647;
			files = (
			);
			runOnlyForDeploymentPostprocessing = 0;
		};
		76CF2C791D36FCD5003030D5 /* Frameworks */ = {
			isa = PBXFrameworksBuildPhase;
			buildActionMask = 2147483647;
			files = (
			);
			runOnlyForDeploymentPostprocessing = 0;
		};
		76CF2C841D36FCD5003030D5 /* Frameworks */ = {
			isa = PBXFrameworksBuildPhase;
			buildActionMask = 2147483647;
			files = (
			);
			runOnlyForDeploymentPostprocessing = 0;
		};
/* End PBXFrameworksBuildPhase section */

/* Begin PBXGroup section */
		76CF2C5C1D36FCD5003030D5 = {
			isa = PBXGroup;
			children = (
				76CF2C671D36FCD5003030D5 /* Casini */,
				76CF2C7F1D36FCD5003030D5 /* CasiniTests */,
				76CF2C8A1D36FCD5003030D5 /* CasiniUITests */,
				76CF2C661D36FCD5003030D5 /* Products */,
			);
			sourceTree = "<group>";
		};
		76CF2C661D36FCD5003030D5 /* Products */ = {
			isa = PBXGroup;
			children = (
				76CF2C651D36FCD5003030D5 /* Casini.app */,
				76CF2C7C1D36FCD5003030D5 /* CasiniTests.xctest */,
				76CF2C871D36FCD5003030D5 /* CasiniUITests.xctest */,
			);
			name = Products;
			sourceTree = "<group>";
		};
		76CF2C671D36FCD5003030D5 /* Casini */ = {
			isa = PBXGroup;
			children = (
				76CF2C681D36FCD5003030D5 /* AppDelegate.swift */,
				76CF2C6C1D36FCD5003030D5 /* Main.storyboard */,
				76CF2C9A1D36FD41003030D5 /* ImageViewController.swift */,
				76CF2C9C1D3700D4003030D5 /* DemoURL.swift */,
				76CF2C991D36FD22003030D5 /* SupportingFiles */,
				76CF2C771D36FCD5003030D5 /* Info.plist */,
				76327FFB1D37D65F001AC8E9 /* CasiniViewController.swift */,
			);
			path = Casini;
			sourceTree = "<group>";
		};
		76CF2C7F1D36FCD5003030D5 /* CasiniTests */ = {
			isa = PBXGroup;
			children = (
				76CF2C801D36FCD5003030D5 /* CasiniTests.swift */,
				76CF2C821D36FCD5003030D5 /* Info.plist */,
			);
			path = CasiniTests;
			sourceTree = "<group>";
		};
		76CF2C8A1D36FCD5003030D5 /* CasiniUITests */ = {
			isa = PBXGroup;
			children = (
				76CF2C8B1D36FCD5003030D5 /* CasiniUITests.swift */,
				76CF2C8D1D36FCD5003030D5 /* Info.plist */,
			);
			path = CasiniUITests;
			sourceTree = "<group>";
		};
		76CF2C991D36FD22003030D5 /* SupportingFiles */ = {
			isa = PBXGroup;
			children = (
				76CF2C721D36FCD5003030D5 /* Assets.xcassets */,
				76CF2C741D36FCD5003030D5 /* LaunchScreen.storyboard */,
				76CF2C6F1D36FCD5003030D5 /* Casini.xcdatamodeld */,
			);
			name = SupportingFiles;
			sourceTree = "<group>";
		};
/* End PBXGroup section */

/* Begin PBXNativeTarget section */
		76CF2C641D36FCD5003030D5 /* Casini */ = {
			isa = PBXNativeTarget;
			buildConfigurationList = 76CF2C901D36FCD5003030D5 /* Build configuration list for PBXNativeTarget "Casini" */;
			buildPhases = (
				76CF2C611D36FCD5003030D5 /* Sources */,
				76CF2C621D36FCD5003030D5 /* Frameworks */,
				76CF2C631D36FCD5003030D5 /* Resources */,
			);
			buildRules = (
			);
			dependencies = (
			);
			name = Casini;
			productName = Casini;
			productReference = 76CF2C651D36FCD5003030D5 /* Casini.app */;
			productType = "com.apple.product-type.application";
		};
		76CF2C7B1D36FCD5003030D5 /* CasiniTests */ = {
			isa = PBXNativeTarget;
			buildConfigurationList = 76CF2C931D36FCD5003030D5 /* Build configuration list for PBXNativeTarget "CasiniTests" */;
			buildPhases = (
				76CF2C781D36FCD5003030D5 /* Sources */,
				76CF2C791D36FCD5003030D5 /* Frameworks */,
				76CF2C7A1D36FCD5003030D5 /* Resources */,
			);
			buildRules = (
			);
			dependencies = (
				76CF2C7E1D36FCD5003030D5 /* PBXTargetDependency */,
			);
			name = CasiniTests;
			productName = CasiniTests;
			productReference = 76CF2C7C1D36FCD5003030D5 /* CasiniTests.xctest */;
			productType = "com.apple.product-type.bundle.unit-test";
		};
		76CF2C861D36FCD5003030D5 /* CasiniUITests */ = {
			isa = PBXNativeTarget;
			buildConfigurationList = 76CF2C961D36FCD5003030D5 /* Build configuration list for PBXNativeTarget "CasiniUITests" */;
			buildPhases = (
				76CF2C831D36FCD5003030D5 /* Sources */,
				76CF2C841D36FCD5003030D5 /* Frameworks */,
				76CF2C851D36FCD5003030D5 /* Resources */,
			);
			buildRules = (
			);
			dependencies = (
				76CF2C891D36FCD5003030D5 /* PBXTargetDependency */,
			);
			name = CasiniUITests;
			productName = CasiniUITests;
			productReference = 76CF2C871D36FCD5003030D5 /* CasiniUITests.xctest */;
			productType = "com.apple.product-type.bundle.ui-testing";
		};
/* End PBXNativeTarget section */

/* Begin PBXProject section */
		76CF2C5D1D36FCD5003030D5 /* Project object */ = {
			isa = PBXProject;
			attributes = {
				LastSwiftUpdateCheck = 0730;
				LastUpgradeCheck = 0730;
				ORGANIZATIONNAME = edu.uncc.cs6010;
				TargetAttributes = {
					76CF2C641D36FCD5003030D5 = {
						CreatedOnToolsVersion = 7.3.1;
					};
					76CF2C7B1D36FCD5003030D5 = {
						CreatedOnToolsVersion = 7.3.1;
						TestTargetID = 76CF2C641D36FCD5003030D5;
					};
					76CF2C861D36FCD5003030D5 = {
						CreatedOnToolsVersion = 7.3.1;
						TestTargetID = 76CF2C641D36FCD5003030D5;
					};
				};
			};
			buildConfigurationList = 76CF2C601D36FCD5003030D5 /* Build configuration list for PBXProject "Casini" */;
			compatibilityVersion = "Xcode 3.2";
			developmentRegion = English;
			hasScannedForEncodings = 0;
			knownRegions = (
				en,
				Base,
			);
			mainGroup = 76CF2C5C1D36FCD5003030D5;
			productRefGroup = 76CF2C661D36FCD5003030D5 /* Products */;
			projectDirPath = "";
			projectRoot = "";
			targets = (
				76CF2C641D36FCD5003030D5 /* Casini */,
				76CF2C7B1D36FCD5003030D5 /* CasiniTests */,
				76CF2C861D36FCD5003030D5 /* CasiniUITests */,
			);
		};
/* End PBXProject section */

/* Begin PBXResourcesBuildPhase section */
		76CF2C631D36FCD5003030D5 /* Resources */ = {
			isa = PBXResourcesBuildPhase;
			buildActionMask = 2147483647;
			files = (
				76CF2C761D36FCD5003030D5 /* LaunchScreen.storyboard in Resources */,
				76CF2C731D36FCD5003030D5 /* Assets.xcassets in Resources */,
				76CF2C6E1D36FCD5003030D5 /* Main.storyboard in Resources */,
			);
			runOnlyForDeploymentPostprocessing = 0;
		};
		76CF2C7A1D36FCD5003030D5 /* Resources */ = {
			isa = PBXResourcesBuildPhase;
			buildActionMask = 2147483647;
			files = (
			);
			runOnlyForDeploymentPostprocessing = 0;
		};
		76CF2C851D36FCD5003030D5 /* Resources */ = {
			isa = PBXResourcesBuildPhase;
			buildActionMask = 2147483647;
			files = (
			);
			runOnlyForDeploymentPostprocessing = 0;
		};
/* End PBXResourcesBuildPhase section */

/* Begin PBXSourcesBuildPhase section */
		76CF2C611D36FCD5003030D5 /* Sources */ = {
			isa = PBXSourcesBuildPhase;
			buildActionMask = 2147483647;
			files = (
				76CF2C9D1D3700D4003030D5 /* DemoURL.swift in Sources */,
				76CF2C711D36FCD5003030D5 /* Casini.xcdatamodeld in Sources */,
				76CF2C9B1D36FD41003030D5 /* ImageViewController.swift in Sources */,
				76CF2C691D36FCD5003030D5 /* AppDelegate.swift in Sources */,
				76327FFC1D37D65F001AC8E9 /* CasiniViewController.swift in Sources */,
			);
			runOnlyForDeploymentPostprocessing = 0;
		};
		76CF2C781D36FCD5003030D5 /* Sources */ = {
			isa = PBXSourcesBuildPhase;
			buildActionMask = 2147483647;
			files = (
				76CF2C811D36FCD5003030D5 /* CasiniTests.swift in Sources */,
			);
			runOnlyForDeploymentPostprocessing = 0;
		};
		76CF2C831D36FCD5003030D5 /* Sources */ = {
			isa = PBXSourcesBuildPhase;
			buildActionMask = 2147483647;
			files = (
				76CF2C8C1D36FCD5003030D5 /* CasiniUITests.swift in Sources */,
			);
			runOnlyForDeploymentPostprocessing = 0;
		};
/* End PBXSourcesBuildPhase section */

/* Begin PBXTargetDependency section */
		76CF2C7E1D36FCD5003030D5 /* PBXTargetDependency */ = {
			isa = PBXTargetDependency;
			target = 76CF2C641D36FCD5003030D5 /* Casini */;
			targetProxy = 76CF2C7D1D36FCD5003030D5 /* PBXContainerItemProxy */;
		};
		76CF2C891D36FCD5003030D5 /* PBXTargetDependency */ = {
			isa = PBXTargetDependency;
			target = 76CF2C641D36FCD5003030D5 /* Casini */;
			targetProxy = 76CF2C881D36FCD5003030D5 /* PBXContainerItemProxy */;
		};
/* End PBXTargetDependency section */

/* Begin PBXVariantGroup section */
		76CF2C6C1D36FCD5003030D5 /* Main.storyboard */ = {
			isa = PBXVariantGroup;
			children = (
				76CF2C6D1D36FCD5003030D5 /* Base */,
			);
			name = Main.storyboard;
			sourceTree = "<group>";
		};
		76CF2C741D36FCD5003030D5 /* LaunchScreen.storyboard */ = {
			isa = PBXVariantGroup;
			children = (
				76CF2C751D36FCD5003030D5 /* Base */,
			);
			name = LaunchScreen.storyboard;
			sourceTree = "<group>";
		};
/* End PBXVariantGroup section */

/* Begin XCBuildConfiguration section */
		76CF2C8E1D36FCD5003030D5 /* Debug */ = {
			isa = XCBuildConfiguration;
			buildSettings = {
				ALWAYS_SEARCH_USER_PATHS = NO;
				CLANG_ANALYZER_NONNULL = YES;
				CLANG_CXX_LANGUAGE_STANDARD = "gnu++0x";
				CLANG_CXX_LIBRARY = "libc++";
				CLANG_ENABLE_MODULES = YES;
				CLANG_ENABLE_OBJC_ARC = YES;
				CLANG_WARN_BOOL_CONVERSION = YES;
				CLANG_WARN_CONSTANT_CONVERSION = YES;
				CLANG_WARN_DIRECT_OBJC_ISA_USAGE = YES_ERROR;
				CLANG_WARN_EMPTY_BODY = YES;
				CLANG_WARN_ENUM_CONVERSION = YES;
				CLANG_WARN_INT_CONVERSION = YES;
				CLANG_WARN_OBJC_ROOT_CLASS = YES_ERROR;
				CLANG_WARN_UNREACHABLE_CODE = YES;
				CLANG_WARN__DUPLICATE_METHOD_MATCH = YES;
				"CODE_SIGN_IDENTITY[sdk=iphoneos*]" = "iPhone Developer";
				COPY_PHASE_STRIP = NO;
				DEBUG_INFORMATION_FORMAT = dwarf;
				ENABLE_STRICT_OBJC_MSGSEND = YES;
				ENABLE_TESTABILITY = YES;
				GCC_C_LANGUAGE_STANDARD = gnu99;
				GCC_DYNAMIC_NO_PIC = NO;
				GCC_NO_COMMON_BLOCKS = YES;
				GCC_OPTIMIZATION_LEVEL = 0;
				GCC_PREPROCESSOR_DEFINITIONS = (
					"DEBUG=1",
					"$(inherited)",
				);
				GCC_WARN_64_TO_32_BIT_CONVERSION = YES;
				GCC_WARN_ABOUT_RETURN_TYPE = YES_ERROR;
				GCC_WARN_UNDECLARED_SELECTOR = YES;
				GCC_WARN_UNINITIALIZED_AUTOS = YES_AGGRESSIVE;
				GCC_WARN_UNUSED_FUNCTION = YES;
				GCC_WARN_UNUSED_VARIABLE = YES;
				IPHONEOS_DEPLOYMENT_TARGET = 9.3;
				MTL_ENABLE_DEBUG_INFO = YES;
				ONLY_ACTIVE_ARCH = YES;
				SDKROOT = iphoneos;
				SWIFT_OPTIMIZATION_LEVEL = "-Onone";
				TARGETED_DEVICE_FAMILY = "1,2";
			};
			name = Debug;
		};
		76CF2C8F1D36FCD5003030D5 /* Release */ = {
			isa = XCBuildConfiguration;
			buildSettings = {
				ALWAYS_SEARCH_USER_PATHS = NO;
				CLANG_ANALYZER_NONNULL = YES;
				CLANG_CXX_LANGUAGE_STANDARD = "gnu++0x";
				CLANG_CXX_LIBRARY = "libc++";
				CLANG_ENABLE_MODULES = YES;
				CLANG_ENABLE_OBJC_ARC = YES;
				CLANG_WARN_BOOL_CONVERSION = YES;
				CLANG_WARN_CONSTANT_CONVERSION = YES;
				CLANG_WARN_DIRECT_OBJC_ISA_USAGE = YES_ERROR;
				CLANG_WARN_EMPTY_BODY = YES;
				CLANG_WARN_ENUM_CONVERSION = YES;
				CLANG_WARN_INT_CONVERSION = YES;
				CLANG_WARN_OBJC_ROOT_CLASS = YES_ERROR;
				CLANG_WARN_UNREACHABLE_CODE = YES;
				CLANG_WARN__DUPLICATE_METHOD_MATCH = YES;
				"CODE_SIGN_IDENTITY[sdk=iphoneos*]" = "iPhone Developer";
				COPY_PHASE_STRIP = NO;
				DEBUG_INFORMATION_FORMAT = "dwarf-with-dsym";
				ENABLE_NS_ASSERTIONS = NO;
				ENABLE_STRICT_OBJC_MSGSEND = YES;
				GCC_C_LANGUAGE_STANDARD = gnu99;
				GCC_NO_COMMON_BLOCKS = YES;
				GCC_WARN_64_TO_32_BIT_CONVERSION = YES;
				GCC_WARN_ABOUT_RETURN_TYPE = YES_ERROR;
				GCC_WARN_UNDECLARED_SELECTOR = YES;
				GCC_WARN_UNINITIALIZED_AUTOS = YES_AGGRESSIVE;
				GCC_WARN_UNUSED_FUNCTION = YES;
				GCC_WARN_UNUSED_VARIABLE = YES;
				IPHONEOS_DEPLOYMENT_TARGET = 9.3;
				MTL_ENABLE_DEBUG_INFO = NO;
				SDKROOT = iphoneos;
				TARGETED_DEVICE_FAMILY = "1,2";
				VALIDATE_PRODUCT = YES;
			};
			name = Release;
		};
		76CF2C911D36FCD5003030D5 /* Debug */ = {
			isa = XCBuildConfiguration;
			buildSettings = {
				ASSETCATALOG_COMPILER_APPICON_NAME = AppIcon;
				INFOPLIST_FILE = Casini/Info.plist;
				LD_RUNPATH_SEARCH_PATHS = "$(inherited) @executable_path/Frameworks";
				PRODUCT_BUNDLE_IDENTIFIER = edu.uncc.cs6010.Casini;
				PRODUCT_NAME = "$(TARGET_NAME)";
			};
			name = Debug;
		};
		76CF2C921D36FCD5003030D5 /* Release */ = {
			isa = XCBuildConfiguration;
			buildSettings = {
				ASSETCATALOG_COMPILER_APPICON_NAME = AppIcon;
				INFOPLIST_FILE = Casini/Info.plist;
				LD_RUNPATH_SEARCH_PATHS = "$(inherited) @executable_path/Frameworks";
				PRODUCT_BUNDLE_IDENTIFIER = edu.uncc.cs6010.Casini;
				PRODUCT_NAME = "$(TARGET_NAME)";
			};
			name = Release;
		};
		76CF2C941D36FCD5003030D5 /* Debug */ = {
			isa = XCBuildConfiguration;
			buildSettings = {
				BUNDLE_LOADER = "$(TEST_HOST)";
				INFOPLIST_FILE = CasiniTests/Info.plist;
				LD_RUNPATH_SEARCH_PATHS = "$(inherited) @executable_path/Frameworks @loader_path/Frameworks";
				PRODUCT_BUNDLE_IDENTIFIER = edu.uncc.cs6010.CasiniTests;
				PRODUCT_NAME = "$(TARGET_NAME)";
				TEST_HOST = "$(BUILT_PRODUCTS_DIR)/Casini.app/Casini";
			};
			name = Debug;
		};
		76CF2C951D36FCD5003030D5 /* Release */ = {
			isa = XCBuildConfiguration;
			buildSettings = {
				BUNDLE_LOADER = "$(TEST_HOST)";
				INFOPLIST_FILE = CasiniTests/Info.plist;
				LD_RUNPATH_SEARCH_PATHS = "$(inherited) @executable_path/Frameworks @loader_path/Frameworks";
				PRODUCT_BUNDLE_IDENTIFIER = edu.uncc.cs6010.CasiniTests;
				PRODUCT_NAME = "$(TARGET_NAME)";
				TEST_HOST = "$(BUILT_PRODUCTS_DIR)/Casini.app/Casini";
			};
			name = Release;
		};
		76CF2C971D36FCD5003030D5 /* Debug */ = {
			isa = XCBuildConfiguration;
			buildSettings = {
				INFOPLIST_FILE = CasiniUITests/Info.plist;
				LD_RUNPATH_SEARCH_PATHS = "$(inherited) @executable_path/Frameworks @loader_path/Frameworks";
				PRODUCT_BUNDLE_IDENTIFIER = edu.uncc.cs6010.CasiniUITests;
				PRODUCT_NAME = "$(TARGET_NAME)";
				TEST_TARGET_NAME = Casini;
			};
			name = Debug;
		};
		76CF2C981D36FCD5003030D5 /* Release */ = {
			isa = XCBuildConfiguration;
			buildSettings = {
				INFOPLIST_FILE = CasiniUITests/Info.plist;
				LD_RUNPATH_SEARCH_PATHS = "$(inherited) @executable_path/Frameworks @loader_path/Frameworks";
				PRODUCT_BUNDLE_IDENTIFIER = edu.uncc.cs6010.CasiniUITests;
				PRODUCT_NAME = "$(TARGET_NAME)";
				TEST_TARGET_NAME = Casini;
			};
			name = Release;
		};
/* End XCBuildConfiguration section */

/* Begin XCConfigurationList section */
		76CF2C601D36FCD5003030D5 /* Build configuration list for PBXProject "Casini" */ = {
			isa = XCConfigurationList;
			buildConfigurations = (
				76CF2C8E1D36FCD5003030D5 /* Debug */,
				76CF2C8F1D36FCD5003030D5 /* Release */,
			);
			defaultConfigurationIsVisible = 0;
			defaultConfigurationName = Release;
		};
		76CF2C901D36FCD5003030D5 /* Build configuration list for PBXNativeTarget "Casini" */ = {
			isa = XCConfigurationList;
			buildConfigurations = (
				76CF2C911D36FCD5003030D5 /* Debug */,
				76CF2C921D36FCD5003030D5 /* Release */,
			);
			defaultConfigurationIsVisible = 0;
			defaultConfigurationName = Release;
		};
		76CF2C931D36FCD5003030D5 /* Build configuration list for PBXNativeTarget "CasiniTests" */ = {
			isa = XCConfigurationList;
			buildConfigurations = (
				76CF2C941D36FCD5003030D5 /* Debug */,
				76CF2C951D36FCD5003030D5 /* Release */,
			);
			defaultConfigurationIsVisible = 0;
			defaultConfigurationName = Release;
		};
		76CF2C961D36FCD5003030D5 /* Build configuration list for PBXNativeTarget "CasiniUITests" */ = {
			isa = XCConfigurationList;
			buildConfigurations = (
				76CF2C971D36FCD5003030D5 /* Debug */,
				76CF2C981D36FCD5003030D5 /* Release */,
			);
			defaultConfigurationIsVisible = 0;
			defaultConfigurationName = Release;
		};
/* End XCConfigurationList section */

/* Begin XCVersionGroup section */
		76CF2C6F1D36FCD5003030D5 /* Casini.xcdatamodeld */ = {
			isa = XCVersionGroup;
			children = (
				76CF2C701D36FCD5003030D5 /* Casini.xcdatamodel */,
			);
			currentVersion = 76CF2C701D36FCD5003030D5 /* Casini.xcdatamodel */;
			path = Casini.xcdatamodeld;
			sourceTree = "<group>";
			versionGroupType = wrapper.xcdatamodel;
		};
/* End XCVersionGroup section */
	};
	rootObject = 76CF2C5D1D36FCD5003030D5 /* Project object */;
}
